version = 1
requires-python = ">=3.8"

[[package]]
name = "anyio"
version = "4.5.0"
source = { registry = "https://pypi.org/simple" }
dependencies = [
    { name = "exceptiongroup", marker = "python_full_version < '3.11'" },
    { name = "idna" },
    { name = "sniffio" },
    { name = "typing-extensions", marker = "python_full_version < '3.11'" },
]
sdist = { url = "https://files.pythonhosted.org/packages/a0/44/66874c5256e9fbc30103b31927fd9341c8da6ccafd4721b2b3e81e6ef176/anyio-4.5.0.tar.gz", hash = "sha256:c5a275fe5ca0afd788001f58fca1e69e29ce706d746e317d660e21f70c530ef9", size = 169376 }
wheels = [
    { url = "https://files.pythonhosted.org/packages/3b/68/f9e9bf6324c46e6b8396610aef90ad423ec3e18c9079547ceafea3dce0ec/anyio-4.5.0-py3-none-any.whl", hash = "sha256:fdeb095b7cc5a5563175eedd926ec4ae55413bb4be5770c424af0ba46ccb4a78", size = 89250 },
]

[[package]]
name = "certinelpy"
version = "0.1.0"
source = { editable = "." }
dependencies = [
    { name = "watchfiles" },
]

[package.dev-dependencies]
dev = [
    { name = "pex" },
]

[package.metadata]
requires-dist = [{ name = "watchfiles", specifier = ">=0.24.0" }]

[package.metadata.requires-dev]
dev = [{ name = "pex", specifier = ">=2.20.1" }]

[[package]]
name = "exceptiongroup"
version = "1.2.2"
source = { registry = "https://pypi.org/simple" }
sdist = { url = "https://files.pythonhosted.org/packages/09/35/2495c4ac46b980e4ca1f6ad6db102322ef3ad2410b79fdde159a4b0f3b92/exceptiongroup-1.2.2.tar.gz", hash = "sha256:47c2edf7c6738fafb49fd34290706d1a1a2f4d1c6df275526b62cbb4aa5393cc", size = 28883 }
wheels = [
    { url = "https://files.pythonhosted.org/packages/02/cc/b7e31358aac6ed1ef2bb790a9746ac2c69bcb3c8588b41616914eb106eaf/exceptiongroup-1.2.2-py3-none-any.whl", hash = "sha256:3111b9d131c238bec2f8f516e123e14ba243563fb135d3fe885990585aa7795b", size = 16453 },
]

[[package]]
name = "idna"
version = "3.10"
source = { registry = "https://pypi.org/simple" }
sdist = { url = "https://files.pythonhosted.org/packages/f1/70/7703c29685631f5a7590aa73f1f1d3fa9a380e654b86af429e0934a32f7d/idna-3.10.tar.gz", hash = "sha256:12f65c9b470abda6dc35cf8e63cc574b1c52b11df2c86030af0ac09b01b13ea9", size = 190490 }
wheels = [
    { url = "https://files.pythonhosted.org/packages/76/c6/c88e154df9c4e1a2a66ccf0005a88dfb2650c1dffb6f5ce603dfbd452ce3/idna-3.10-py3-none-any.whl", hash = "sha256:946d195a0d259cbba61165e88e65941f16e9b36ea6ddb97f00452bae8b1287d3", size = 70442 },
]

[[package]]
name = "pex"
version = "2.20.1"
source = { registry = "https://pypi.org/simple" }
sdist = { url = "https://files.pythonhosted.org/packages/55/04/1b7703ad77a7b8bdd079cbc77621c7f6baead1ce64ffc86a514b8a61310a/pex-2.20.1.tar.gz", hash = "sha256:26f66255bfeace420b05a00bac2536ae57548128120f57a8e00a8c3e011d279d", size = 4399858 }
wheels = [
    { url = "https://files.pythonhosted.org/packages/b8/73/908a17d4ba2f48df4d253996685dc809e6133c425fe657d60596e9c221f1/pex-2.20.1-py2.py3-none-any.whl", hash = "sha256:338da8d7d68155a4b3795fc1d72152f1b1e7f7f8d59bb40242b3718f4343776e", size = 3520952 },
]

[[package]]
name = "sniffio"
version = "1.3.1"
source = { registry = "https://pypi.org/simple" }
sdist = { url = "https://files.pythonhosted.org/packages/a2/87/a6771e1546d97e7e041b6ae58d80074f81b7d5121207425c964ddf5cfdbd/sniffio-1.3.1.tar.gz", hash = "sha256:f4324edc670a0f49750a81b895f35c3adb843cca46f0530f79fc1babb23789dc", size = 20372 }
wheels = [
    { url = "https://files.pythonhosted.org/packages/e9/44/75a9c9421471a6c4805dbf2356f7c181a29c1879239abab1ea2cc8f38b40/sniffio-1.3.1-py3-none-any.whl", hash = "sha256:2f6da418d1f1e0fddd844478f41680e794e6051915791a034ff65e5f100525a2", size = 10235 },
]

[[package]]
name = "typing-extensions"
version = "4.12.2"
source = { registry = "https://pypi.org/simple" }
sdist = { url = "https://files.pythonhosted.org/packages/df/db/f35a00659bc03fec321ba8bce9420de607a1d37f8342eee1863174c69557/typing_extensions-4.12.2.tar.gz", hash = "sha256:1a7ead55c7e559dd4dee8856e3a88b41225abfe1ce8df57b7c13915fe121ffb8", size = 85321 }
wheels = [
    { url = "https://files.pythonhosted.org/packages/26/9f/ad63fc0248c5379346306f8668cda6e2e2e9c95e01216d2b8ffd9ff037d0/typing_extensions-4.12.2-py3-none-any.whl", hash = "sha256:04e5ca0351e0f3f85c6853954072df659d0d13fac324d0072316b67d7794700d", size = 37438 },
]

[[package]]
name = "watchfiles"
version = "0.24.0"
source = { registry = "https://pypi.org/simple" }
dependencies = [
    { name = "anyio" },
]
sdist = { url = "https://files.pythonhosted.org/packages/c8/27/2ba23c8cc85796e2d41976439b08d52f691655fdb9401362099502d1f0cf/watchfiles-0.24.0.tar.gz", hash = "sha256:afb72325b74fa7a428c009c1b8be4b4d7c2afedafb2982827ef2156646df2fe1", size = 37870 }
wheels = [
    { url = "https://files.pythonhosted.org/packages/89/a1/631c12626378b9f1538664aa221feb5c60dfafbd7f60b451f8d0bdbcdedd/watchfiles-0.24.0-cp310-cp310-macosx_10_12_x86_64.whl", hash = "sha256:083dc77dbdeef09fa44bb0f4d1df571d2e12d8a8f985dccde71ac3ac9ac067a0", size = 375096 },
    { url = "https://files.pythonhosted.org/packages/f7/5c/f27c979c8a10aaa2822286c1bffdce3db731cd1aa4224b9f86623e94bbfe/watchfiles-0.24.0-cp310-cp310-macosx_11_0_arm64.whl", hash = "sha256:e94e98c7cb94cfa6e071d401ea3342767f28eb5a06a58fafdc0d2a4974f4f35c", size = 367425 },
    { url = "https://files.pythonhosted.org/packages/74/0d/1889e5649885484d29f6c792ef274454d0a26b20d6ed5fdba5409335ccb6/watchfiles-0.24.0-cp310-cp310-manylinux_2_17_aarch64.manylinux2014_aarch64.whl", hash = "sha256:82ae557a8c037c42a6ef26c494d0631cacca040934b101d001100ed93d43f361", size = 437705 },
    { url = "https://files.pythonhosted.org/packages/85/8a/01d9a22e839f0d1d547af11b1fcac6ba6f889513f1b2e6f221d9d60d9585/watchfiles-0.24.0-cp310-cp310-manylinux_2_17_armv7l.manylinux2014_armv7l.whl", hash = "sha256:acbfa31e315a8f14fe33e3542cbcafc55703b8f5dcbb7c1eecd30f141df50db3", size = 433636 },
    { url = "https://files.pythonhosted.org/packages/62/32/a93db78d340c7ef86cde469deb20e36c6b2a873edee81f610e94bbba4e06/watchfiles-0.24.0-cp310-cp310-manylinux_2_17_i686.manylinux2014_i686.whl", hash = "sha256:b74fdffce9dfcf2dc296dec8743e5b0332d15df19ae464f0e249aa871fc1c571", size = 451069 },
    { url = "https://files.pythonhosted.org/packages/99/c2/e9e2754fae3c2721c9a7736f92dab73723f1968ed72535fff29e70776008/watchfiles-0.24.0-cp310-cp310-manylinux_2_17_ppc64le.manylinux2014_ppc64le.whl", hash = "sha256:449f43f49c8ddca87c6b3980c9284cab6bd1f5c9d9a2b00012adaaccd5e7decd", size = 469306 },
    { url = "https://files.pythonhosted.org/packages/4c/45/f317d9e3affb06c3c27c478de99f7110143e87f0f001f0f72e18d0e1ddce/watchfiles-0.24.0-cp310-cp310-manylinux_2_17_s390x.manylinux2014_s390x.whl", hash = "sha256:4abf4ad269856618f82dee296ac66b0cd1d71450fc3c98532d93798e73399b7a", size = 476187 },
    { url = "https://files.pythonhosted.org/packages/ac/d3/f1f37248abe0114916921e638f71c7d21fe77e3f2f61750e8057d0b68ef2/watchfiles-0.24.0-cp310-cp310-manylinux_2_17_x86_64.manylinux2014_x86_64.whl", hash = "sha256:9f895d785eb6164678ff4bb5cc60c5996b3ee6df3edb28dcdeba86a13ea0465e", size = 425743 },
    { url = "https://files.pythonhosted.org/packages/2b/e8/c7037ea38d838fd81a59cd25761f106ee3ef2cfd3261787bee0c68908171/watchfiles-0.24.0-cp310-cp310-musllinux_1_1_aarch64.whl", hash = "sha256:7ae3e208b31be8ce7f4c2c0034f33406dd24fbce3467f77223d10cd86778471c", size = 612327 },
    { url = "https://files.pythonhosted.org/packages/a0/c5/0e6e228aafe01a7995fbfd2a4edb221bb11a2744803b65a5663fb85e5063/watchfiles-0.24.0-cp310-cp310-musllinux_1_1_x86_64.whl", hash = "sha256:2efec17819b0046dde35d13fb8ac7a3ad877af41ae4640f4109d9154ed30a188", size = 595096 },
    { url = "https://files.pythonhosted.org/packages/63/d5/4780e8bf3de3b4b46e7428a29654f7dc041cad6b19fd86d083e4b6f64bbe/watchfiles-0.24.0-cp310-none-win32.whl", hash = "sha256:6bdcfa3cd6fdbdd1a068a52820f46a815401cbc2cb187dd006cb076675e7b735", size = 264149 },
    { url = "https://files.pythonhosted.org/packages/fe/1b/5148898ba55fc9c111a2a4a5fb67ad3fa7eb2b3d7f0618241ed88749313d/watchfiles-0.24.0-cp310-none-win_amd64.whl", hash = "sha256:54ca90a9ae6597ae6dc00e7ed0a040ef723f84ec517d3e7ce13e63e4bc82fa04", size = 277542 },
    { url = "https://files.pythonhosted.org/packages/85/02/366ae902cd81ca5befcd1854b5c7477b378f68861597cef854bd6dc69fbe/watchfiles-0.24.0-cp311-cp311-macosx_10_12_x86_64.whl", hash = "sha256:bdcd5538e27f188dd3c804b4a8d5f52a7fc7f87e7fd6b374b8e36a4ca03db428", size = 375579 },
    { url = "https://files.pythonhosted.org/packages/bc/67/d8c9d256791fe312fea118a8a051411337c948101a24586e2df237507976/watchfiles-0.24.0-cp311-cp311-macosx_11_0_arm64.whl", hash = "sha256:2dadf8a8014fde6addfd3c379e6ed1a981c8f0a48292d662e27cabfe4239c83c", size = 367726 },
    { url = "https://files.pythonhosted.org/packages/b1/dc/a8427b21ef46386adf824a9fec4be9d16a475b850616cfd98cf09a97a2ef/watchfiles-0.24.0-cp311-cp311-manylinux_2_17_aarch64.manylinux2014_aarch64.whl", hash = "sha256:6509ed3f467b79d95fc62a98229f79b1a60d1b93f101e1c61d10c95a46a84f43", size = 437735 },
    { url = "https://files.pythonhosted.org/packages/3a/21/0b20bef581a9fbfef290a822c8be645432ceb05fb0741bf3c032e0d90d9a/watchfiles-0.24.0-cp311-cp311-manylinux_2_17_armv7l.manylinux2014_armv7l.whl", hash = "sha256:8360f7314a070c30e4c976b183d1d8d1585a4a50c5cb603f431cebcbb4f66327", size = 433644 },
    { url = "https://files.pythonhosted.org/packages/1c/e8/d5e5f71cc443c85a72e70b24269a30e529227986096abe091040d6358ea9/watchfiles-0.24.0-cp311-cp311-manylinux_2_17_i686.manylinux2014_i686.whl", hash = "sha256:316449aefacf40147a9efaf3bd7c9bdd35aaba9ac5d708bd1eb5763c9a02bef5", size = 450928 },
    { url = "https://files.pythonhosted.org/packages/61/ee/bf17f5a370c2fcff49e1fec987a6a43fd798d8427ea754ce45b38f9e117a/watchfiles-0.24.0-cp311-cp311-manylinux_2_17_ppc64le.manylinux2014_ppc64le.whl", hash = "sha256:73bde715f940bea845a95247ea3e5eb17769ba1010efdc938ffcb967c634fa61", size = 469072 },
    { url = "https://files.pythonhosted.org/packages/a3/34/03b66d425986de3fc6077e74a74c78da298f8cb598887f664a4485e55543/watchfiles-0.24.0-cp311-cp311-manylinux_2_17_s390x.manylinux2014_s390x.whl", hash = "sha256:3770e260b18e7f4e576edca4c0a639f704088602e0bc921c5c2e721e3acb8d15", size = 475517 },
    { url = "https://files.pythonhosted.org/packages/70/eb/82f089c4f44b3171ad87a1b433abb4696f18eb67292909630d886e073abe/watchfiles-0.24.0-cp311-cp311-manylinux_2_17_x86_64.manylinux2014_x86_64.whl", hash = "sha256:aa0fd7248cf533c259e59dc593a60973a73e881162b1a2f73360547132742823", size = 425480 },
    { url = "https://files.pythonhosted.org/packages/53/20/20509c8f5291e14e8a13104b1808cd7cf5c44acd5feaecb427a49d387774/watchfiles-0.24.0-cp311-cp311-musllinux_1_1_aarch64.whl", hash = "sha256:d7a2e3b7f5703ffbd500dabdefcbc9eafeff4b9444bbdd5d83d79eedf8428fab", size = 612322 },
    { url = "https://files.pythonhosted.org/packages/df/2b/5f65014a8cecc0a120f5587722068a975a692cadbe9fe4ea56b3d8e43f14/watchfiles-0.24.0-cp311-cp311-musllinux_1_1_x86_64.whl", hash = "sha256:d831ee0a50946d24a53821819b2327d5751b0c938b12c0653ea5be7dea9c82ec", size = 595094 },
    { url = "https://files.pythonhosted.org/packages/18/98/006d8043a82c0a09d282d669c88e587b3a05cabdd7f4900e402250a249ac/watchfiles-0.24.0-cp311-none-win32.whl", hash = "sha256:49d617df841a63b4445790a254013aea2120357ccacbed00253f9c2b5dc24e2d", size = 264191 },
    { url = "https://files.pythonhosted.org/packages/8a/8b/badd9247d6ec25f5f634a9b3d0d92e39c045824ec7e8afcedca8ee52c1e2/watchfiles-0.24.0-cp311-none-win_amd64.whl", hash = "sha256:d3dcb774e3568477275cc76554b5a565024b8ba3a0322f77c246bc7111c5bb9c", size = 277527 },
    { url = "https://files.pythonhosted.org/packages/af/19/35c957c84ee69d904299a38bae3614f7cede45f07f174f6d5a2f4dbd6033/watchfiles-0.24.0-cp311-none-win_arm64.whl", hash = "sha256:9301c689051a4857d5b10777da23fafb8e8e921bcf3abe6448a058d27fb67633", size = 266253 },
    { url = "https://files.pythonhosted.org/packages/35/82/92a7bb6dc82d183e304a5f84ae5437b59ee72d48cee805a9adda2488b237/watchfiles-0.24.0-cp312-cp312-macosx_10_12_x86_64.whl", hash = "sha256:7211b463695d1e995ca3feb38b69227e46dbd03947172585ecb0588f19b0d87a", size = 374137 },
    { url = "https://files.pythonhosted.org/packages/87/91/49e9a497ddaf4da5e3802d51ed67ff33024597c28f652b8ab1e7c0f5718b/watchfiles-0.24.0-cp312-cp312-macosx_11_0_arm64.whl", hash = "sha256:4b8693502d1967b00f2fb82fc1e744df128ba22f530e15b763c8d82baee15370", size = 367733 },
    { url = "https://files.pythonhosted.org/packages/0d/d8/90eb950ab4998effea2df4cf3a705dc594f6bc501c5a353073aa990be965/watchfiles-0.24.0-cp312-cp312-manylinux_2_17_aarch64.manylinux2014_aarch64.whl", hash = "sha256:cdab9555053399318b953a1fe1f586e945bc8d635ce9d05e617fd9fe3a4687d6", size = 437322 },
    { url = "https://files.pythonhosted.org/packages/6c/a2/300b22e7bc2a222dd91fce121cefa7b49aa0d26a627b2777e7bdfcf1110b/watchfiles-0.24.0-cp312-cp312-manylinux_2_17_armv7l.manylinux2014_armv7l.whl", hash = "sha256:34e19e56d68b0dad5cff62273107cf5d9fbaf9d75c46277aa5d803b3ef8a9e9b", size = 433409 },
    { url = "https://files.pythonhosted.org/packages/99/44/27d7708a43538ed6c26708bcccdde757da8b7efb93f4871d4cc39cffa1cc/watchfiles-0.24.0-cp312-cp312-manylinux_2_17_i686.manylinux2014_i686.whl", hash = "sha256:41face41f036fee09eba33a5b53a73e9a43d5cb2c53dad8e61fa6c9f91b5a51e", size = 452142 },
    { url = "https://files.pythonhosted.org/packages/b0/ec/c4e04f755be003129a2c5f3520d2c47026f00da5ecb9ef1e4f9449637571/watchfiles-0.24.0-cp312-cp312-manylinux_2_17_ppc64le.manylinux2014_ppc64le.whl", hash = "sha256:5148c2f1ea043db13ce9b0c28456e18ecc8f14f41325aa624314095b6aa2e9ea", size = 469414 },
    { url = "https://files.pythonhosted.org/packages/c5/4e/cdd7de3e7ac6432b0abf282ec4c1a1a2ec62dfe423cf269b86861667752d/watchfiles-0.24.0-cp312-cp312-manylinux_2_17_s390x.manylinux2014_s390x.whl", hash = "sha256:7e4bd963a935aaf40b625c2499f3f4f6bbd0c3776f6d3bc7c853d04824ff1c9f", size = 472962 },
    { url = "https://files.pythonhosted.org/packages/27/69/e1da9d34da7fc59db358424f5d89a56aaafe09f6961b64e36457a80a7194/watchfiles-0.24.0-cp312-cp312-manylinux_2_17_x86_64.manylinux2014_x86_64.whl", hash = "sha256:c79d7719d027b7a42817c5d96461a99b6a49979c143839fc37aa5748c322f234", size = 425705 },
    { url = "https://files.pythonhosted.org/packages/e8/c1/24d0f7357be89be4a43e0a656259676ea3d7a074901f47022f32e2957798/watchfiles-0.24.0-cp312-cp312-musllinux_1_1_aarch64.whl", hash = "sha256:32aa53a9a63b7f01ed32e316e354e81e9da0e6267435c7243bf8ae0f10b428ef", size = 612851 },
    { url = "https://files.pythonhosted.org/packages/c7/af/175ba9b268dec56f821639c9893b506c69fd999fe6a2e2c51de420eb2f01/watchfiles-0.24.0-cp312-cp312-musllinux_1_1_x86_64.whl", hash = "sha256:ce72dba6a20e39a0c628258b5c308779b8697f7676c254a845715e2a1039b968", size = 594868 },
    { url = "https://files.pythonhosted.org/packages/44/81/1f701323a9f70805bc81c74c990137123344a80ea23ab9504a99492907f8/watchfiles-0.24.0-cp312-none-win32.whl", hash = "sha256:d9018153cf57fc302a2a34cb7564870b859ed9a732d16b41a9b5cb2ebed2d444", size = 264109 },
    { url = "https://files.pythonhosted.org/packages/b4/0b/32cde5bc2ebd9f351be326837c61bdeb05ad652b793f25c91cac0b48a60b/watchfiles-0.24.0-cp312-none-win_amd64.whl", hash = "sha256:551ec3ee2a3ac9cbcf48a4ec76e42c2ef938a7e905a35b42a1267fa4b1645896", size = 277055 },
    { url = "https://files.pythonhosted.org/packages/4b/81/daade76ce33d21dbec7a15afd7479de8db786e5f7b7d249263b4ea174e08/watchfiles-0.24.0-cp312-none-win_arm64.whl", hash = "sha256:b52a65e4ea43c6d149c5f8ddb0bef8d4a1e779b77591a458a893eb416624a418", size = 266169 },
    { url = "https://files.pythonhosted.org/packages/30/dc/6e9f5447ae14f645532468a84323a942996d74d5e817837a5c8ce9d16c69/watchfiles-0.24.0-cp313-cp313-macosx_10_12_x86_64.whl", hash = "sha256:3d2e3ab79a1771c530233cadfd277fcc762656d50836c77abb2e5e72b88e3a48", size = 373764 },
    { url = "https://files.pythonhosted.org/packages/79/c0/c3a9929c372816c7fc87d8149bd722608ea58dc0986d3ef7564c79ad7112/watchfiles-0.24.0-cp313-cp313-macosx_11_0_arm64.whl", hash = "sha256:327763da824817b38ad125dcd97595f942d720d32d879f6c4ddf843e3da3fe90", size = 367873 },
    { url = "https://files.pythonhosted.org/packages/2e/11/ff9a4445a7cfc1c98caf99042df38964af12eed47d496dd5d0d90417349f/watchfiles-0.24.0-cp313-cp313-manylinux_2_17_aarch64.manylinux2014_aarch64.whl", hash = "sha256:bd82010f8ab451dabe36054a1622870166a67cf3fce894f68895db6f74bbdc94", size = 438381 },
    { url = "https://files.pythonhosted.org/packages/48/a3/763ba18c98211d7bb6c0f417b2d7946d346cdc359d585cc28a17b48e964b/watchfiles-0.24.0-cp313-cp313-manylinux_2_17_armv7l.manylinux2014_armv7l.whl", hash = "sha256:d64ba08db72e5dfd5c33be1e1e687d5e4fcce09219e8aee893a4862034081d4e", size = 432809 },
    { url = "https://files.pythonhosted.org/packages/30/4c/616c111b9d40eea2547489abaf4ffc84511e86888a166d3a4522c2ba44b5/watchfiles-0.24.0-cp313-cp313-manylinux_2_17_i686.manylinux2014_i686.whl", hash = "sha256:1cf1f6dd7825053f3d98f6d33f6464ebdd9ee95acd74ba2c34e183086900a827", size = 451801 },
    { url = "https://files.pythonhosted.org/packages/b6/be/d7da83307863a422abbfeb12903a76e43200c90ebe5d6afd6a59d158edea/watchfiles-0.24.0-cp313-cp313-manylinux_2_17_ppc64le.manylinux2014_ppc64le.whl", hash = "sha256:43e3e37c15a8b6fe00c1bce2473cfa8eb3484bbeecf3aefbf259227e487a03df", size = 468886 },
    { url = "https://files.pythonhosted.org/packages/1d/d3/3dfe131ee59d5e90b932cf56aba5c996309d94dafe3d02d204364c23461c/watchfiles-0.24.0-cp313-cp313-manylinux_2_17_s390x.manylinux2014_s390x.whl", hash = "sha256:88bcd4d0fe1d8ff43675360a72def210ebad3f3f72cabfeac08d825d2639b4ab", size = 472973 },
    { url = "https://files.pythonhosted.org/packages/42/6c/279288cc5653a289290d183b60a6d80e05f439d5bfdfaf2d113738d0f932/watchfiles-0.24.0-cp313-cp313-manylinux_2_17_x86_64.manylinux2014_x86_64.whl", hash = "sha256:999928c6434372fde16c8f27143d3e97201160b48a614071261701615a2a156f", size = 425282 },
    { url = "https://files.pythonhosted.org/packages/d6/d7/58afe5e85217e845edf26d8780c2d2d2ae77675eeb8d1b8b8121d799ce52/watchfiles-0.24.0-cp313-cp313-musllinux_1_1_aarch64.whl", hash = "sha256:30bbd525c3262fd9f4b1865cb8d88e21161366561cd7c9e1194819e0a33ea86b", size = 612540 },
    { url = "https://files.pythonhosted.org/packages/6d/d5/b96eeb9fe3fda137200dd2f31553670cbc731b1e13164fd69b49870b76ec/watchfiles-0.24.0-cp313-cp313-musllinux_1_1_x86_64.whl", hash = "sha256:edf71b01dec9f766fb285b73930f95f730bb0943500ba0566ae234b5c1618c18", size = 593625 },
    { url = "https://files.pythonhosted.org/packages/c1/e5/c326fe52ee0054107267608d8cea275e80be4455b6079491dfd9da29f46f/watchfiles-0.24.0-cp313-none-win32.whl", hash = "sha256:f4c96283fca3ee09fb044f02156d9570d156698bc3734252175a38f0e8975f07", size = 263899 },
    { url = "https://files.pythonhosted.org/packages/a6/8b/8a7755c5e7221bb35fe4af2dc44db9174f90ebf0344fd5e9b1e8b42d381e/watchfiles-0.24.0-cp313-none-win_amd64.whl", hash = "sha256:a974231b4fdd1bb7f62064a0565a6b107d27d21d9acb50c484d2cdba515b9366", size = 276622 },
    { url = "https://files.pythonhosted.org/packages/17/1c/c0b5f4347011b60e2dbde671a5050944f3aaf0eb2ffc0fb5c7adf2516229/watchfiles-0.24.0-cp38-cp38-macosx_10_12_x86_64.whl", hash = "sha256:ee82c98bed9d97cd2f53bdb035e619309a098ea53ce525833e26b93f673bc318", size = 375982 },
    { url = "https://files.pythonhosted.org/packages/c5/b2/d417b982be5ace395f1aad32cd8e0dcf194e431dfbfeee88941b6da6735a/watchfiles-0.24.0-cp38-cp38-macosx_11_0_arm64.whl", hash = "sha256:fd92bbaa2ecdb7864b7600dcdb6f2f1db6e0346ed425fbd01085be04c63f0b05", size = 369757 },
    { url = "https://files.pythonhosted.org/packages/68/27/f3a1147af79085da95a879d7e6f953380da17a90b50d990749ae287550ca/watchfiles-0.24.0-cp38-cp38-manylinux_2_17_aarch64.manylinux2014_aarch64.whl", hash = "sha256:f83df90191d67af5a831da3a33dd7628b02a95450e168785586ed51e6d28943c", size = 439397 },
    { url = "https://files.pythonhosted.org/packages/31/de/4a677766880efee555cc56a4c6bf6993a7748901243cd2511419acc37a6c/watchfiles-0.24.0-cp38-cp38-manylinux_2_17_armv7l.manylinux2014_armv7l.whl", hash = "sha256:fca9433a45f18b7c779d2bae7beeec4f740d28b788b117a48368d95a3233ed83", size = 433878 },
    { url = "https://files.pythonhosted.org/packages/f4/7f/30fbf661dea01cf3d5ab4962ee4b52854b9fbbd7fe4918bc60c212bb5b60/watchfiles-0.24.0-cp38-cp38-manylinux_2_17_i686.manylinux2014_i686.whl", hash = "sha256:b995bfa6bf01a9e09b884077a6d37070464b529d8682d7691c2d3b540d357a0c", size = 451495 },
    { url = "https://files.pythonhosted.org/packages/c8/65/cda4b9ed13087d57f78ed386c4bdc2369c114dd871a32fa6e2419f6e81b8/watchfiles-0.24.0-cp38-cp38-manylinux_2_17_ppc64le.manylinux2014_ppc64le.whl", hash = "sha256:ed9aba6e01ff6f2e8285e5aa4154e2970068fe0fc0998c4380d0e6278222269b", size = 470115 },
    { url = "https://files.pythonhosted.org/packages/4c/72/9b2ba3bb3a7233fb3d21900cd3f9005cfaa53884f496239541ec885b9861/watchfiles-0.24.0-cp38-cp38-manylinux_2_17_s390x.manylinux2014_s390x.whl", hash = "sha256:e5171ef898299c657685306d8e1478a45e9303ddcd8ac5fed5bd52ad4ae0b69b", size = 476814 },
    { url = "https://files.pythonhosted.org/packages/3d/78/90a881916a4a3bafd5e82202d51406444d3720cfc03b326427a8e455d89d/watchfiles-0.24.0-cp38-cp38-manylinux_2_17_x86_64.manylinux2014_x86_64.whl", hash = "sha256:4933a508d2f78099162da473841c652ad0de892719043d3f07cc83b33dfd9d91", size = 426747 },
    { url = "https://files.pythonhosted.org/packages/56/52/5a2c6e0694013a53f596d4a66642de48dc1a53a635ad61bc6504abf5c87c/watchfiles-0.24.0-cp38-cp38-musllinux_1_1_aarch64.whl", hash = "sha256:95cf3b95ea665ab03f5a54765fa41abf0529dbaf372c3b83d91ad2cfa695779b", size = 613135 },
    { url = "https://files.pythonhosted.org/packages/fc/dc/8f177e6074e756d961d5dcb5ef65528b02ab09028d0380db4579a30af78f/watchfiles-0.24.0-cp38-cp38-musllinux_1_1_x86_64.whl", hash = "sha256:01def80eb62bd5db99a798d5e1f5f940ca0a05986dcfae21d833af7a46f7ee22", size = 596318 },
    { url = "https://files.pythonhosted.org/packages/e6/16/d89e06188ed6672dc69eeef7af2ea158328bd59d45032a94daaaed2a6516/watchfiles-0.24.0-cp38-none-win32.whl", hash = "sha256:4d28cea3c976499475f5b7a2fec6b3a36208656963c1a856d328aeae056fc5c1", size = 264384 },
    { url = "https://files.pythonhosted.org/packages/e6/cc/2f2f27fc403193bedaaae5485cd04fd31064f5cdec885162bd0e390be68a/watchfiles-0.24.0-cp38-none-win_amd64.whl", hash = "sha256:21ab23fdc1208086d99ad3f69c231ba265628014d4aed31d4e8746bd59e88cd1", size = 277740 },
    { url = "https://files.pythonhosted.org/packages/93/90/15b3b1cc19799c217e4369ca15dbf9ba1d0f821d61b27173a54800002478/watchfiles-0.24.0-cp39-cp39-macosx_10_12_x86_64.whl", hash = "sha256:b665caeeda58625c3946ad7308fbd88a086ee51ccb706307e5b1fa91556ac886", size = 375920 },
    { url = "https://files.pythonhosted.org/packages/74/e2/ec7766a5b20ba5e37397ef8d32ff39a90daf7e4677410efe077c386338b6/watchfiles-0.24.0-cp39-cp39-macosx_11_0_arm64.whl", hash = "sha256:5c51749f3e4e269231510da426ce4a44beb98db2dce9097225c338f815b05d4f", size = 369382 },
    { url = "https://files.pythonhosted.org/packages/a2/82/915b3a3295292f860181dc9c7d922834ac7265c8915052d396d40ccf4617/watchfiles-0.24.0-cp39-cp39-manylinux_2_17_aarch64.manylinux2014_aarch64.whl", hash = "sha256:82b2509f08761f29a0fdad35f7e1638b8ab1adfa2666d41b794090361fb8b855", size = 438556 },
    { url = "https://files.pythonhosted.org/packages/9b/76/750eab8e7baecedca05e712b9571ac5eb240e494e8d4c78b359da2939619/watchfiles-0.24.0-cp39-cp39-manylinux_2_17_armv7l.manylinux2014_armv7l.whl", hash = "sha256:9a60e2bf9dc6afe7f743e7c9b149d1fdd6dbf35153c78fe3a14ae1a9aee3d98b", size = 433677 },
    { url = "https://files.pythonhosted.org/packages/1a/69/7c55142bafcdad9fec58433b7c1f162b59c48f0a3732a9441252147b13c7/watchfiles-0.24.0-cp39-cp39-manylinux_2_17_i686.manylinux2014_i686.whl", hash = "sha256:f7d9b87c4c55e3ea8881dfcbf6d61ea6775fffed1fedffaa60bd047d3c08c430", size = 451845 },
    { url = "https://files.pythonhosted.org/packages/d7/a6/124b0043a8936adf96fffa1d73217b205cc254b4a5a313b0a6ea33a44b7b/watchfiles-0.24.0-cp39-cp39-manylinux_2_17_ppc64le.manylinux2014_ppc64le.whl", hash = "sha256:78470906a6be5199524641f538bd2c56bb809cd4bf29a566a75051610bc982c3", size = 469931 },
    { url = "https://files.pythonhosted.org/packages/7a/14/29ffa6c7a695fb46a7ff835a5524976dbc07577215647fb35a61ea099c75/watchfiles-0.24.0-cp39-cp39-manylinux_2_17_s390x.manylinux2014_s390x.whl", hash = "sha256:07cdef0c84c03375f4e24642ef8d8178e533596b229d32d2bbd69e5128ede02a", size = 476577 },
    { url = "https://files.pythonhosted.org/packages/9d/8b/fea47dd852c644bd933108877293d0a1c56953c584e8b971530a9042c153/watchfiles-0.24.0-cp39-cp39-manylinux_2_17_x86_64.manylinux2014_x86_64.whl", hash = "sha256:d337193bbf3e45171c8025e291530fb7548a93c45253897cd764a6a71c937ed9", size = 426432 },
    { url = "https://files.pythonhosted.org/packages/0e/11/cfa073f1d9fa18867c2b4220ba445044fd48101ac481f8cbfea1c208ea88/watchfiles-0.24.0-cp39-cp39-musllinux_1_1_aarch64.whl", hash = "sha256:ec39698c45b11d9694a1b635a70946a5bad066b593af863460a8e600f0dff1ca", size = 613173 },
    { url = "https://files.pythonhosted.org/packages/77/44/05c8959304f96fbcd68b6c131c59df7bd3d7f0c2a7410324b7f63b1f9fe6/watchfiles-0.24.0-cp39-cp39-musllinux_1_1_x86_64.whl", hash = "sha256:2e28d91ef48eab0afb939fa446d8ebe77e2f7593f5f463fd2bb2b14132f95b6e", size = 596184 },
    { url = "https://files.pythonhosted.org/packages/9b/85/033ecdb5eccb77770d6f24f9fa055067ffa962313a1383645afc711a3cd8/watchfiles-0.24.0-cp39-none-win32.whl", hash = "sha256:7138eff8baa883aeaa074359daabb8b6c1e73ffe69d5accdc907d62e50b1c0da", size = 264345 },
    { url = "https://files.pythonhosted.org/packages/16/6e/5ded97365346eceaf7fa32d4e2d16f4f97b11d648026b2903c2528c544f8/watchfiles-0.24.0-cp39-none-win_amd64.whl", hash = "sha256:b3ef2c69c655db63deb96b3c3e587084612f9b1fa983df5e0c3379d41307467f", size = 277760 },
    { url = "https://files.pythonhosted.org/packages/df/94/1ad200e937ec91b2a9d6b39ae1cf9c2b1a9cc88d5ceb43aa5c6962eb3c11/watchfiles-0.24.0-pp310-pypy310_pp73-macosx_10_12_x86_64.whl", hash = "sha256:632676574429bee8c26be8af52af20e0c718cc7f5f67f3fb658c71928ccd4f7f", size = 376986 },
    { url = "https://files.pythonhosted.org/packages/ee/fd/d9e020d687ccf90fe95efc513fbb39a8049cf5a3ff51f53c59fcf4c47a5d/watchfiles-0.24.0-pp310-pypy310_pp73-macosx_11_0_arm64.whl", hash = "sha256:a2a9891723a735d3e2540651184be6fd5b96880c08ffe1a98bae5017e65b544b", size = 369445 },
    { url = "https://files.pythonhosted.org/packages/43/cb/c0279b35053555d10ef03559c5aebfcb0c703d9c70a7b4e532df74b9b0e8/watchfiles-0.24.0-pp310-pypy310_pp73-manylinux_2_17_aarch64.manylinux2014_aarch64.whl", hash = "sha256:4a7fa2bc0efef3e209a8199fd111b8969fe9db9c711acc46636686331eda7dd4", size = 439383 },
    { url = "https://files.pythonhosted.org/packages/8b/c4/08b3c2cda45db5169148a981c2100c744a4a222fa7ae7644937c0c002069/watchfiles-0.24.0-pp310-pypy310_pp73-manylinux_2_17_x86_64.manylinux2014_x86_64.whl", hash = "sha256:01550ccf1d0aed6ea375ef259706af76ad009ef5b0203a3a4cce0f6024f9b68a", size = 426804 },
    { url = "https://files.pythonhosted.org/packages/02/81/9c9a1e6a83d3c320d2f89eca2b71854ae727eca8ab298ad5da00e36c69e2/watchfiles-0.24.0-pp39-pypy39_pp73-macosx_10_12_x86_64.whl", hash = "sha256:96619302d4374de5e2345b2b622dc481257a99431277662c30f606f3e22f42be", size = 377076 },
    { url = "https://files.pythonhosted.org/packages/f1/05/9ef4158f15c417a420d907a6eb887c81953565d0268262195766a844a6d9/watchfiles-0.24.0-pp39-pypy39_pp73-macosx_11_0_arm64.whl", hash = "sha256:85d5f0c7771dcc7a26c7a27145059b6bb0ce06e4e751ed76cdf123d7039b60b5", size = 371717 },
    { url = "https://files.pythonhosted.org/packages/81/1b/8d036da7a9e4d490385b6979804229fb7ac9b591e4d84f159edf2b3f7cc2/watchfiles-0.24.0-pp39-pypy39_pp73-manylinux_2_17_aarch64.manylinux2014_aarch64.whl", hash = "sha256:951088d12d339690a92cef2ec5d3cfd957692834c72ffd570ea76a6790222777", size = 440973 },
    { url = "https://files.pythonhosted.org/packages/fb/fc/885015d4a17ada85508e406c10d638808e7bfbb5622a2e342c868ede18c0/watchfiles-0.24.0-pp39-pypy39_pp73-manylinux_2_17_x86_64.manylinux2014_x86_64.whl", hash = "sha256:49fb58bcaa343fedc6a9e91f90195b20ccb3135447dc9e4e2570c3a39565853e", size = 428343 },
]
